
Microsoft Visual Studio Solution File, Format Version 12.00
# Visual Studio 14
VisualStudioVersion = 14.0.25420.1
MinimumVisualStudioVersion = 10.0.40219.1
Project("{159641D6-6404-4A2A-AE62-294DE0FE8301}") = "HDIntegrationServices", "HDIntegrationServices\HDIntegrationServices.dtproj", "{6061C999-28BA-45B0-8CB3-E76D064104DF}"
EndProject
Global
	GlobalSection(SolutionConfigurationPlatforms) = preSolution
		Development|Default = Development|Default
	EndGlobalSection
	GlobalSection(ProjectConfigurationPlatforms) = postSolution
		{6061C999-28BA-45B0-8CB3-E76D064104DF}.Development|Default.ActiveCfg = Development
		{6061C999-28BA-45B0-8CB3-E76D064104DF}.Development|Default.Build.0 = Development
	EndGlobalSection
	GlobalSection(SolutionProperties) = preSolution
		HideSolutionNode = FALSE
	EndGlobalSection
EndGlobal
